// !$*UTF8*$!
{
	archiveVersion = 1;
	classes = {
	};
	objectVersion = 50;
	objects = {

/* Begin PBXBuildFile section */
		DBCB4F09244D3C010078A85E /* AppDelegate.swift in Sources */ = {isa = PBXBuildFile; fileRef = DBCB4F08244D3C010078A85E /* AppDelegate.swift */; };
		DBCB4F0B244D3C010078A85E /* SceneDelegate.swift in Sources */ = {isa = PBXBuildFile; fileRef = DBCB4F0A244D3C010078A85E /* SceneDelegate.swift */; };
		DBCB4F0D244D3C010078A85E /* ContentView.swift in Sources */ = {isa = PBXBuildFile; fileRef = DBCB4F0C244D3C010078A85E /* ContentView.swift */; };
		DBCB4F0F244D3C020078A85E /* Assets.xcassets in Resources */ = {isa = PBXBuildFile; fileRef = DBCB4F0E244D3C020078A85E /* Assets.xcassets */; };
		DBCB4F12244D3C020078A85E /* Preview Assets.xcassets in Resources */ = {isa = PBXBuildFile; fileRef = DBCB4F11244D3C020078A85E /* Preview Assets.xcassets */; };
		DBCB4F15244D3C020078A85E /* LaunchScreen.storyboard in Resources */ = {isa = PBXBuildFile; fileRef = DBCB4F13244D3C020078A85E /* LaunchScreen.storyboard */; };
		DBCB4F1D244D3C7C0078A85E /* CardView.swift in Sources */ = {isa = PBXBuildFile; fileRef = DBCB4F1C244D3C7C0078A85E /* CardView.swift */; };
		DBCB4F1F244E3BDB0078A85E /* ContentViewHorizontal.swift in Sources */ = {isa = PBXBuildFile; fileRef = DBCB4F1E244E3BDB0078A85E /* ContentViewHorizontal.swift */; };
/* End PBXBuildFile section */

/* Begin PBXFileReference section */
		DBCB4F05244D3C010078A85E /* Udemy1-04b.app */ = {isa = PBXFileReference; explicitFileType = wrapper.application; includeInIndex = 0; path = "Udemy1-04b.app"; sourceTree = BUILT_PRODUCTS_DIR; };
		DBCB4F08244D3C010078A85E /* AppDelegate.swift */ = {isa = PBXFileReference; lastKnownFileType = sourcecode.swift; path = AppDelegate.swift; sourceTree = "<group>"; };
		DBCB4F0A244D3C010078A85E /* SceneDelegate.swift */ = {isa = PBXFileReference; lastKnownFileType = sourcecode.swift; path = SceneDelegate.swift; sourceTree = "<group>"; };
		DBCB4F0C244D3C010078A85E /* ContentView.swift */ = {isa = PBXFileReference; lastKnownFileType = sourcecode.swift; path = ContentView.swift; sourceTree = "<group>"; };
		DBCB4F0E244D3C020078A85E /* Assets.xcassets */ = {isa = PBXFileReference; lastKnownFileType = folder.assetcatalog; path = Assets.xcassets; sourceTree = "<group>"; };
		DBCB4F11244D3C020078A85E /* Preview Assets.xcassets */ = {isa = PBXFileReference; lastKnownFileType = folder.assetcatalog; path = "Preview Assets.xcassets"; sourceTree = "<group>"; };
		DBCB4F14244D3C020078A85E /* Base */ = {isa = PBXFileReference; lastKnownFileType = file.storyboard; name = Base; path = Base.lproj/LaunchScreen.storyboard; sourceTree = "<group>"; };
		DBCB4F16244D3C020078A85E /* Info.plist */ = {isa = PBXFileReference; lastKnownFileType = text.plist.xml; path = Info.plist; sourceTree = "<group>"; };
		DBCB4F1C244D3C7C0078A85E /* CardView.swift */ = {isa = PBXFileReference; lastKnownFileType = sourcecode.swift; path = CardView.swift; sourceTree = "<group>"; };
		DBCB4F1E244E3BDB0078A85E /* ContentViewHorizontal.swift */ = {isa = PBXFileReference; lastKnownFileType = sourcecode.swift; path = ContentViewHorizontal.swift; sourceTree = "<group>"; };
/* End PBXFileReference section */

/* Begin PBXFrameworksBuildPhase section */
		DBCB4F02244D3C010078A85E /* Frameworks */ = {
			isa = PBXFrameworksBuildPhase;
			buildActionMask = 2147483647;
			files = (
			);
			runOnlyForDeploymentPostprocessing = 0;
		};
/* End PBXFrameworksBuildPhase section */

/* Begin PBXGroup section */
		DBCB4EFC244D3C010078A85E = {
			isa = PBXGroup;
			children = (
				DBCB4F07244D3C010078A85E /* Udemy1-04b */,
				DBCB4F06244D3C010078A85E /* Products */,
			);
			sourceTree = "<group>";
		};
		DBCB4F06244D3C010078A85E /* Products */ = {
			isa = PBXGroup;
			children = (
				DBCB4F05244D3C010078A85E /* Udemy1-04b.app */,
			);
			name = Products;
			sourceTree = "<group>";
		};
		DBCB4F07244D3C010078A85E /* Udemy1-04b */ = {
			isa = PBXGroup;
			children = (
				DBCB4F08244D3C010078A85E /* AppDelegate.swift */,
				DBCB4F0A244D3C010078A85E /* SceneDelegate.swift */,
				DBCB4F1C244D3C7C0078A85E /* CardView.swift */,
				DBCB4F0C244D3C010078A85E /* ContentView.swift */,
				DBCB4F1E244E3BDB0078A85E /* ContentViewHorizontal.swift */,
				DBCB4F0E244D3C020078A85E /* Assets.xcassets */,
				DBCB4F13244D3C020078A85E /* LaunchScreen.storyboard */,
				DBCB4F16244D3C020078A85E /* Info.plist */,
				DBCB4F10244D3C020078A85E /* Preview Content */,
			);
			path = "Udemy1-04b";
			sourceTree = "<group>";
		};
		DBCB4F10244D3C020078A85E /* Preview Content */ = {
			isa = PBXGroup;
			children = (
				DBCB4F11244D3C020078A85E /* Preview Assets.xcassets */,
			);
			path = "Preview Content";
			sourceTree = "<group>";
		};
/* End PBXGroup section */

/* Begin PBXNativeTarget section */
		DBCB4F04244D3C010078A85E /* Udemy1-04b */ = {
			isa = PBXNativeTarget;
			buildConfigurationList = DBCB4F19244D3C020078A85E /* Build configuration list for PBXNativeTarget "Udemy1-04b" */;
			buildPhases = (
				DBCB4F01244D3C010078A85E /* Sources */,
				DBCB4F02244D3C010078A85E /* Frameworks */,
				DBCB4F03244D3C010078A85E /* Resources */,
			);
			buildRules = (
			);
			dependencies = (
			);
			name = "Udemy1-04b";
			productName = "Udemy1-04b";
			productReference = DBCB4F05244D3C010078A85E /* Udemy1-04b.app */;
			productType = "com.apple.product-type.application";
		};
/* End PBXNativeTarget section */

/* Begin PBXProject section */
		DBCB4EFD244D3C010078A85E /* Project object */ = {
			isa = PBXProject;
			attributes = {
				LastSwiftUpdateCheck = 1140;
				LastUpgradeCheck = 1140;
				ORGANIZATIONNAME = "Mauro Ciargo";
				TargetAttributes = {
					DBCB4F04244D3C010078A85E = {
						CreatedOnToolsVersion = 11.4.1;
					};
				};
			};
			buildConfigurationList = DBCB4F00244D3C010078A85E /* Build configuration list for PBXProject "Udemy1-04b" */;
			compatibilityVersion = "Xcode 9.3";
			developmentRegion = en;
			hasScannedForEncodings = 0;
			knownRegions = (
				en,
				Base,
			);
			mainGroup = DBCB4EFC244D3C010078A85E;
			productRefGroup = DBCB4F06244D3C010078A85E /* Products */;
			projectDirPath = "";
			projectRoot = "";
			targets = (
				DBCB4F04244D3C010078A85E /* Udemy1-04b */,
			);
		};
/* End PBXProject section */

/* Begin PBXResourcesBuildPhase section */
		DBCB4F03244D3C010078A85E /* Resources */ = {
			isa = PBXResourcesBuildPhase;
			buildActionMask = 2147483647;
			files = (
				DBCB4F15244D3C020078A85E /* LaunchScreen.storyboard in Resources */,
				DBCB4F12244D3C020078A85E /* Preview Assets.xcassets in Resources */,
				DBCB4F0F244D3C020078A85E /* Assets.xcassets in Resources */,
			);
			runOnlyForDeploymentPostprocessing = 0;
		};
/* End PBXResourcesBuildPhase section */

/* Begin PBXSourcesBuildPhase section */
		DBCB4F01244D3C010078A85E /* Sources */ = {
			isa = PBXSourcesBuildPhase;
			buildActionMask = 2147483647;
			files = (
				DBCB4F09244D3C010078A85E /* AppDelegate.swift in Sources */,
				DBCB4F0B244D3C010078A85E /* SceneDelegate.swift in Sources */,
				DBCB4F1D244D3C7C0078A85E /* CardView.swift in Sources */,
				DBCB4F1F244E3BDB0078A85E /* ContentViewHorizontal.swift in Sources */,
				DBCB4F0D244D3C010078A85E /* ContentView.swift in Sources */,
			);
			runOnlyForDeploymentPostprocessing = 0;
		};
/* End PBXSourcesBuildPhase section */

/* Begin PBXVariantGroup section */
		DBCB4F13244D3C020078A85E /* LaunchScreen.storyboard */ = {
			isa = PBXVariantGroup;
			children = (
				DBCB4F14244D3C020078A85E /* Base */,
			);
			name = LaunchScreen.storyboard;
			sourceTree = "<group>";
		};
/* End PBXVariantGroup section */

/* Begin XCBuildConfiguration section */
		DBCB4F17244D3C020078A85E /* Debug */ = {
			isa = XCBuildConfiguration;
			buildSettings = {
				ALWAYS_SEARCH_USER_PATHS = NO;
				CLANG_ANALYZER_NONNULL = YES;
				CLANG_ANALYZER_NUMBER_OBJECT_CONVERSION = YES_AGGRESSIVE;
				CLANG_CXX_LANGUAGE_STANDARD = "gnu++14";
				CLANG_CXX_LIBRARY = "libc++";
				CLANG_ENABLE_MODULES = YES;
				CLANG_ENABLE_OBJC_ARC = YES;
				CLANG_ENABLE_OBJC_WEAK = YES;
				CLANG_WARN_BLOCK_CAPTURE_AUTORELEASING = YES;
				CLANG_WARN_BOOL_CONVERSION = YES;
				CLANG_WARN_COMMA = YES;
				CLANG_WARN_CONSTANT_CONVERSION = YES;
				CLANG_WARN_DEPRECATED_OBJC_IMPLEMENTATIONS = YES;
				CLANG_WARN_DIRECT_OBJC_ISA_USAGE = YES_ERROR;
				CLANG_WARN_DOCUMENTATION_COMMENTS = YES;
				CLANG_WARN_EMPTY_BODY = YES;
				CLANG_WARN_ENUM_CONVERSION = YES;
				CLANG_WARN_INFINITE_RECURSION = YES;
				CLANG_WARN_INT_CONVERSION = YES;
				CLANG_WARN_NON_LITERAL_NULL_CONVERSION = YES;
				CLANG_WARN_OBJC_IMPLICIT_RETAIN_SELF = YES;
				CLANG_WARN_OBJC_LITERAL_CONVERSION = YES;
				CLANG_WARN_OBJC_ROOT_CLASS = YES_ERROR;
				CLANG_WARN_RANGE_LOOP_ANALYSIS = YES;
				CLANG_WARN_STRICT_PROTOTYPES = YES;
				CLANG_WARN_SUSPICIOUS_MOVE = YES;
				CLANG_WARN_UNGUARDED_AVAILABILITY = YES_AGGRESSIVE;
				CLANG_WARN_UNREACHABLE_CODE = YES;
				CLANG_WARN__DUPLICATE_METHOD_MATCH = YES;
				COPY_PHASE_STRIP = NO;
				DEBUG_INFORMATION_FORMAT = dwarf;
				ENABLE_STRICT_OBJC_MSGSEND = YES;
				ENABLE_TESTABILITY = YES;
				GCC_C_LANGUAGE_STANDARD = gnu11;
				GCC_DYNAMIC_NO_PIC = NO;
				GCC_NO_COMMON_BLOCKS = YES;
				GCC_OPTIMIZATION_LEVEL = 0;
				GCC_PREPROCESSOR_DEFINITIONS = (
					"DEBUG=1",
					"$(inherited)",
				);
				GCC_WARN_64_TO_32_BIT_CONVERSION = YES;
				GCC_WARN_ABOUT_RETURN_TYPE = YES_ERROR;
				GCC_WARN_UNDECLARED_SELECTOR = YES;
				GCC_WARN_UNINITIALIZED_AUTOS = YES_AGGRESSIVE;
				GCC_WARN_UNUSED_FUNCTION = YES;
				GCC_WARN_UNUSED_VARIABLE = YES;
				IPHONEOS_DEPLOYMENT_TARGET = 13.4;
				MTL_ENABLE_DEBUG_INFO = INCLUDE_SOURCE;
				MTL_FAST_MATH = YES;
				ONLY_ACTIVE_ARCH = YES;
				SDKROOT = iphoneos;
				SWIFT_ACTIVE_COMPILATION_CONDITIONS = DEBUG;
				SWIFT_OPTIMIZATION_LEVEL = "-Onone";
			};
			name = Debug;
		};
		DBCB4F18244D3C020078A85E /* Release */ = {
			isa = XCBuildConfiguration;
			buildSettings = {
				ALWAYS_SEARCH_USER_PATHS = NO;
				CLANG_ANALYZER_NONNULL = YES;
				CLANG_ANALYZER_NUMBER_OBJECT_CONVERSION = YES_AGGRESSIVE;
				CLANG_CXX_LANGUAGE_STANDARD = "gnu++14";
				CLANG_CXX_LIBRARY = "libc++";
				CLANG_ENABLE_MODULES = YES;
				CLANG_ENABLE_OBJC_ARC = YES;
				CLANG_ENABLE_OBJC_WEAK = YES;
				CLANG_WARN_BLOCK_CAPTURE_AUTORELEASING = YES;
				CLANG_WARN_BOOL_CONVERSION = YES;
				CLANG_WARN_COMMA = YES;
				CLANG_WARN_CONSTANT_CONVERSION = YES;
				CLANG_WARN_DEPRECATED_OBJC_IMPLEMENTATIONS = YES;
				CLANG_WARN_DIRECT_OBJC_ISA_USAGE = YES_ERROR;
				CLANG_WARN_DOCUMENTATION_COMMENTS = YES;
				CLANG_WARN_EMPTY_BODY = YES;
				CLANG_WARN_ENUM_CONVERSION = YES;
				CLANG_WARN_INFINITE_RECURSION = YES;
				CLANG_WARN_INT_CONVERSION = YES;
				CLANG_WARN_NON_LITERAL_NULL_CONVERSION = YES;
				CLANG_WARN_OBJC_IMPLICIT_RETAIN_SELF = YES;
				CLANG_WARN_OBJC_LITERAL_CONVERSION = YES;
				CLANG_WARN_OBJC_ROOT_CLASS = YES_ERROR;
				CLANG_WARN_RANGE_LOOP_ANALYSIS = YES;
				CLANG_WARN_STRICT_PROTOTYPES = YES;
				CLANG_WARN_SUSPICIOUS_MOVE = YES;
				CLANG_WARN_UNGUARDED_AVAILABILITY = YES_AGGRESSIVE;
				CLANG_WARN_UNREACHABLE_CODE = YES;
				CLANG_WARN__DUPLICATE_METHOD_MATCH = YES;
				COPY_PHASE_STRIP = NO;
				DEBUG_INFORMATION_FORMAT = "dwarf-with-dsym";
				ENABLE_NS_ASSERTIONS = NO;
				ENABLE_STRICT_OBJC_MSGSEND = YES;
				GCC_C_LANGUAGE_STANDARD = gnu11;
				GCC_NO_COMMON_BLOCKS = YES;
				GCC_WARN_64_TO_32_BIT_CONVERSION = YES;
				GCC_WARN_ABOUT_RETURN_TYPE = YES_ERROR;
				GCC_WARN_UNDECLARED_SELECTOR = YES;
				GCC_WARN_UNINITIALIZED_AUTOS = YES_AGGRESSIVE;
				GCC_WARN_UNUSED_FUNCTION = YES;
				GCC_WARN_UNUSED_VARIABLE = YES;
				IPHONEOS_DEPLOYMENT_TARGET = 13.4;
				MTL_ENABLE_DEBUG_INFO = NO;
				MTL_FAST_MATH = YES;
				SDKROOT = iphoneos;
				SWIFT_COMPILATION_MODE = wholemodule;
				SWIFT_OPTIMIZATION_LEVEL = "-O";
				VALIDATE_PRODUCT = YES;
			};
			name = Release;
		};
		DBCB4F1A244D3C020078A85E /* Debug */ = {
			isa = XCBuildConfiguration;
			buildSettings = {
				ASSETCATALOG_COMPILER_APPICON_NAME = AppIcon;
				CODE_SIGN_STYLE = Automatic;
				DEVELOPMENT_ASSET_PATHS = "\"Udemy1-04b/Preview Content\"";
				ENABLE_PREVIEWS = YES;
				INFOPLIST_FILE = "Udemy1-04b/Info.plist";
				LD_RUNPATH_SEARCH_PATHS = (
					"$(inherited)",
					"@executable_path/Frameworks",
				);
				PRODUCT_BUNDLE_IDENTIFIER = "com.mauro.Udemy1-04b";
				PRODUCT_NAME = "$(TARGET_NAME)";
				SWIFT_VERSION = 5.0;
				TARGETED_DEVICE_FAMILY = "1,2";
			};
			name = Debug;
		};
		DBCB4F1B244D3C020078A85E /* Release */ = {
			isa = XCBuildConfiguration;
			buildSettings = {
				ASSETCATALOG_COMPILER_APPICON_NAME = AppIcon;
				CODE_SIGN_STYLE = Automatic;
				DEVELOPMENT_ASSET_PATHS = "\"Udemy1-04b/Preview Content\"";
				ENABLE_PREVIEWS = YES;
				INFOPLIST_FILE = "Udemy1-04b/Info.plist";
				LD_RUNPATH_SEARCH_PATHS = (
					"$(inherited)",
					"@executable_path/Frameworks",
				);
				PRODUCT_BUNDLE_IDENTIFIER = "com.mauro.Udemy1-04b";
				PRODUCT_NAME = "$(TARGET_NAME)";
				SWIFT_VERSION = 5.0;
				TARGETED_DEVICE_FAMILY = "1,2";
			};
			name = Release;
		};
/* End XCBuildConfiguration section */

/* Begin XCConfigurationList section */
		DBCB4F00244D3C010078A85E /* Build configuration list for PBXProject "Udemy1-04b" */ = {
			isa = XCConfigurationList;
			buildConfigurations = (
				DBCB4F17244D3C020078A85E /* Debug */,
				DBCB4F18244D3C020078A85E /* Release */,
			);
			defaultConfigurationIsVisible = 0;
			defaultConfigurationName = Release;
		};
		DBCB4F19244D3C020078A85E /* Build configuration list for PBXNativeTarget "Udemy1-04b" */ = {
			isa = XCConfigurationList;
			buildConfigurations = (
				DBCB4F1A244D3C020078A85E /* Debug */,
				DBCB4F1B244D3C020078A85E /* Release */,
			);
			defaultConfigurationIsVisible = 0;
			defaultConfigurationName = Release;
		};
/* End XCConfigurationList section */
	};
	rootObject = DBCB4EFD244D3C010078A85E /* Project object */;
}
