// !$*UTF8*$!
{
	archiveVersion = 1;
	classes = {
	};
	objectVersion = 50;
	objects = {

/* Begin PBXBuildFile section */
		DB48AA87244B4C740040DD40 /* AppDelegate.swift in Sources */ = {isa = PBXBuildFile; fileRef = DB48AA86244B4C740040DD40 /* AppDelegate.swift */; };
		DB48AA89244B4C740040DD40 /* SceneDelegate.swift in Sources */ = {isa = PBXBuildFile; fileRef = DB48AA88244B4C740040DD40 /* SceneDelegate.swift */; };
		DB48AA8B244B4C740040DD40 /* ContentView.swift in Sources */ = {isa = PBXBuildFile; fileRef = DB48AA8A244B4C740040DD40 /* ContentView.swift */; };
		DB48AA8D244B4C750040DD40 /* Assets.xcassets in Resources */ = {isa = PBXBuildFile; fileRef = DB48AA8C244B4C750040DD40 /* Assets.xcassets */; };
		DB48AA90244B4C750040DD40 /* Preview Assets.xcassets in Resources */ = {isa = PBXBuildFile; fileRef = DB48AA8F244B4C750040DD40 /* Preview Assets.xcassets */; };
		DB48AA93244B4C750040DD40 /* LaunchScreen.storyboard in Resources */ = {isa = PBXBuildFile; fileRef = DB48AA91244B4C750040DD40 /* LaunchScreen.storyboard */; };
/* End PBXBuildFile section */

/* Begin PBXFileReference section */
		DB48AA83244B4C740040DD40 /* Udemy1-01.app */ = {isa = PBXFileReference; explicitFileType = wrapper.application; includeInIndex = 0; path = "Udemy1-01.app"; sourceTree = BUILT_PRODUCTS_DIR; };
		DB48AA86244B4C740040DD40 /* AppDelegate.swift */ = {isa = PBXFileReference; lastKnownFileType = sourcecode.swift; path = AppDelegate.swift; sourceTree = "<group>"; };
		DB48AA88244B4C740040DD40 /* SceneDelegate.swift */ = {isa = PBXFileReference; lastKnownFileType = sourcecode.swift; path = SceneDelegate.swift; sourceTree = "<group>"; };
		DB48AA8A244B4C740040DD40 /* ContentView.swift */ = {isa = PBXFileReference; lastKnownFileType = sourcecode.swift; path = ContentView.swift; sourceTree = "<group>"; };
		DB48AA8C244B4C750040DD40 /* Assets.xcassets */ = {isa = PBXFileReference; lastKnownFileType = folder.assetcatalog; path = Assets.xcassets; sourceTree = "<group>"; };
		DB48AA8F244B4C750040DD40 /* Preview Assets.xcassets */ = {isa = PBXFileReference; lastKnownFileType = folder.assetcatalog; path = "Preview Assets.xcassets"; sourceTree = "<group>"; };
		DB48AA92244B4C750040DD40 /* Base */ = {isa = PBXFileReference; lastKnownFileType = file.storyboard; name = Base; path = Base.lproj/LaunchScreen.storyboard; sourceTree = "<group>"; };
		DB48AA94244B4C750040DD40 /* Info.plist */ = {isa = PBXFileReference; lastKnownFileType = text.plist.xml; path = Info.plist; sourceTree = "<group>"; };
/* End PBXFileReference section */

/* Begin PBXFrameworksBuildPhase section */
		DB48AA80244B4C740040DD40 /* Frameworks */ = {
			isa = PBXFrameworksBuildPhase;
			buildActionMask = 2147483647;
			files = (
			);
			runOnlyForDeploymentPostprocessing = 0;
		};
/* End PBXFrameworksBuildPhase section */

/* Begin PBXGroup section */
		DB48AA7A244B4C740040DD40 = {
			isa = PBXGroup;
			children = (
				DB48AA85244B4C740040DD40 /* Udemy1-01 */,
				DB48AA84244B4C740040DD40 /* Products */,
			);
			sourceTree = "<group>";
		};
		DB48AA84244B4C740040DD40 /* Products */ = {
			isa = PBXGroup;
			children = (
				DB48AA83244B4C740040DD40 /* Udemy1-01.app */,
			);
			name = Products;
			sourceTree = "<group>";
		};
		DB48AA85244B4C740040DD40 /* Udemy1-01 */ = {
			isa = PBXGroup;
			children = (
				DB48AA86244B4C740040DD40 /* AppDelegate.swift */,
				DB48AA88244B4C740040DD40 /* SceneDelegate.swift */,
				DB48AA8A244B4C740040DD40 /* ContentView.swift */,
				DB48AA8C244B4C750040DD40 /* Assets.xcassets */,
				DB48AA91244B4C750040DD40 /* LaunchScreen.storyboard */,
				DB48AA94244B4C750040DD40 /* Info.plist */,
				DB48AA8E244B4C750040DD40 /* Preview Content */,
			);
			path = "Udemy1-01";
			sourceTree = "<group>";
		};
		DB48AA8E244B4C750040DD40 /* Preview Content */ = {
			isa = PBXGroup;
			children = (
				DB48AA8F244B4C750040DD40 /* Preview Assets.xcassets */,
			);
			path = "Preview Content";
			sourceTree = "<group>";
		};
/* End PBXGroup section */

/* Begin PBXNativeTarget section */
		DB48AA82244B4C740040DD40 /* Udemy1-01 */ = {
			isa = PBXNativeTarget;
			buildConfigurationList = DB48AA97244B4C750040DD40 /* Build configuration list for PBXNativeTarget "Udemy1-01" */;
			buildPhases = (
				DB48AA7F244B4C740040DD40 /* Sources */,
				DB48AA80244B4C740040DD40 /* Frameworks */,
				DB48AA81244B4C740040DD40 /* Resources */,
			);
			buildRules = (
			);
			dependencies = (
			);
			name = "Udemy1-01";
			productName = "Udemy1-01";
			productReference = DB48AA83244B4C740040DD40 /* Udemy1-01.app */;
			productType = "com.apple.product-type.application";
		};
/* End PBXNativeTarget section */

/* Begin PBXProject section */
		DB48AA7B244B4C740040DD40 /* Project object */ = {
			isa = PBXProject;
			attributes = {
				LastSwiftUpdateCheck = 1140;
				LastUpgradeCheck = 1140;
				ORGANIZATIONNAME = "Mauro Ciargo";
				TargetAttributes = {
					DB48AA82244B4C740040DD40 = {
						CreatedOnToolsVersion = 11.4;
					};
				};
			};
			buildConfigurationList = DB48AA7E244B4C740040DD40 /* Build configuration list for PBXProject "Udemy1-01" */;
			compatibilityVersion = "Xcode 9.3";
			developmentRegion = en;
			hasScannedForEncodings = 0;
			knownRegions = (
				en,
				Base,
			);
			mainGroup = DB48AA7A244B4C740040DD40;
			productRefGroup = DB48AA84244B4C740040DD40 /* Products */;
			projectDirPath = "";
			projectRoot = "";
			targets = (
				DB48AA82244B4C740040DD40 /* Udemy1-01 */,
			);
		};
/* End PBXProject section */

/* Begin PBXResourcesBuildPhase section */
		DB48AA81244B4C740040DD40 /* Resources */ = {
			isa = PBXResourcesBuildPhase;
			buildActionMask = 2147483647;
			files = (
				DB48AA93244B4C750040DD40 /* LaunchScreen.storyboard in Resources */,
				DB48AA90244B4C750040DD40 /* Preview Assets.xcassets in Resources */,
				DB48AA8D244B4C750040DD40 /* Assets.xcassets in Resources */,
			);
			runOnlyForDeploymentPostprocessing = 0;
		};
/* End PBXResourcesBuildPhase section */

/* Begin PBXSourcesBuildPhase section */
		DB48AA7F244B4C740040DD40 /* Sources */ = {
			isa = PBXSourcesBuildPhase;
			buildActionMask = 2147483647;
			files = (
				DB48AA87244B4C740040DD40 /* AppDelegate.swift in Sources */,
				DB48AA89244B4C740040DD40 /* SceneDelegate.swift in Sources */,
				DB48AA8B244B4C740040DD40 /* ContentView.swift in Sources */,
			);
			runOnlyForDeploymentPostprocessing = 0;
		};
/* End PBXSourcesBuildPhase section */

/* Begin PBXVariantGroup section */
		DB48AA91244B4C750040DD40 /* LaunchScreen.storyboard */ = {
			isa = PBXVariantGroup;
			children = (
				DB48AA92244B4C750040DD40 /* Base */,
			);
			name = LaunchScreen.storyboard;
			sourceTree = "<group>";
		};
/* End PBXVariantGroup section */

/* Begin XCBuildConfiguration section */
		DB48AA95244B4C750040DD40 /* Debug */ = {
			isa = XCBuildConfiguration;
			buildSettings = {
				ALWAYS_SEARCH_USER_PATHS = NO;
				CLANG_ANALYZER_NONNULL = YES;
				CLANG_ANALYZER_NUMBER_OBJECT_CONVERSION = YES_AGGRESSIVE;
				CLANG_CXX_LANGUAGE_STANDARD = "gnu++14";
				CLANG_CXX_LIBRARY = "libc++";
				CLANG_ENABLE_MODULES = YES;
				CLANG_ENABLE_OBJC_ARC = YES;
				CLANG_ENABLE_OBJC_WEAK = YES;
				CLANG_WARN_BLOCK_CAPTURE_AUTORELEASING = YES;
				CLANG_WARN_BOOL_CONVERSION = YES;
				CLANG_WARN_COMMA = YES;
				CLANG_WARN_CONSTANT_CONVERSION = YES;
				CLANG_WARN_DEPRECATED_OBJC_IMPLEMENTATIONS = YES;
				CLANG_WARN_DIRECT_OBJC_ISA_USAGE = YES_ERROR;
				CLANG_WARN_DOCUMENTATION_COMMENTS = YES;
				CLANG_WARN_EMPTY_BODY = YES;
				CLANG_WARN_ENUM_CONVERSION = YES;
				CLANG_WARN_INFINITE_RECURSION = YES;
				CLANG_WARN_INT_CONVERSION = YES;
				CLANG_WARN_NON_LITERAL_NULL_CONVERSION = YES;
				CLANG_WARN_OBJC_IMPLICIT_RETAIN_SELF = YES;
				CLANG_WARN_OBJC_LITERAL_CONVERSION = YES;
				CLANG_WARN_OBJC_ROOT_CLASS = YES_ERROR;
				CLANG_WARN_RANGE_LOOP_ANALYSIS = YES;
				CLANG_WARN_STRICT_PROTOTYPES = YES;
				CLANG_WARN_SUSPICIOUS_MOVE = YES;
				CLANG_WARN_UNGUARDED_AVAILABILITY = YES_AGGRESSIVE;
				CLANG_WARN_UNREACHABLE_CODE = YES;
				CLANG_WARN__DUPLICATE_METHOD_MATCH = YES;
				COPY_PHASE_STRIP = NO;
				DEBUG_INFORMATION_FORMAT = dwarf;
				ENABLE_STRICT_OBJC_MSGSEND = YES;
				ENABLE_TESTABILITY = YES;
				GCC_C_LANGUAGE_STANDARD = gnu11;
				GCC_DYNAMIC_NO_PIC = NO;
				GCC_NO_COMMON_BLOCKS = YES;
				GCC_OPTIMIZATION_LEVEL = 0;
				GCC_PREPROCESSOR_DEFINITIONS = (
					"DEBUG=1",
					"$(inherited)",
				);
				GCC_WARN_64_TO_32_BIT_CONVERSION = YES;
				GCC_WARN_ABOUT_RETURN_TYPE = YES_ERROR;
				GCC_WARN_UNDECLARED_SELECTOR = YES;
				GCC_WARN_UNINITIALIZED_AUTOS = YES_AGGRESSIVE;
				GCC_WARN_UNUSED_FUNCTION = YES;
				GCC_WARN_UNUSED_VARIABLE = YES;
				IPHONEOS_DEPLOYMENT_TARGET = 13.4;
				MTL_ENABLE_DEBUG_INFO = INCLUDE_SOURCE;
				MTL_FAST_MATH = YES;
				ONLY_ACTIVE_ARCH = YES;
				SDKROOT = iphoneos;
				SWIFT_ACTIVE_COMPILATION_CONDITIONS = DEBUG;
				SWIFT_OPTIMIZATION_LEVEL = "-Onone";
			};
			name = Debug;
		};
		DB48AA96244B4C750040DD40 /* Release */ = {
			isa = XCBuildConfiguration;
			buildSettings = {
				ALWAYS_SEARCH_USER_PATHS = NO;
				CLANG_ANALYZER_NONNULL = YES;
				CLANG_ANALYZER_NUMBER_OBJECT_CONVERSION = YES_AGGRESSIVE;
				CLANG_CXX_LANGUAGE_STANDARD = "gnu++14";
				CLANG_CXX_LIBRARY = "libc++";
				CLANG_ENABLE_MODULES = YES;
				CLANG_ENABLE_OBJC_ARC = YES;
				CLANG_ENABLE_OBJC_WEAK = YES;
				CLANG_WARN_BLOCK_CAPTURE_AUTORELEASING = YES;
				CLANG_WARN_BOOL_CONVERSION = YES;
				CLANG_WARN_COMMA = YES;
				CLANG_WARN_CONSTANT_CONVERSION = YES;
				CLANG_WARN_DEPRECATED_OBJC_IMPLEMENTATIONS = YES;
				CLANG_WARN_DIRECT_OBJC_ISA_USAGE = YES_ERROR;
				CLANG_WARN_DOCUMENTATION_COMMENTS = YES;
				CLANG_WARN_EMPTY_BODY = YES;
				CLANG_WARN_ENUM_CONVERSION = YES;
				CLANG_WARN_INFINITE_RECURSION = YES;
				CLANG_WARN_INT_CONVERSION = YES;
				CLANG_WARN_NON_LITERAL_NULL_CONVERSION = YES;
				CLANG_WARN_OBJC_IMPLICIT_RETAIN_SELF = YES;
				CLANG_WARN_OBJC_LITERAL_CONVERSION = YES;
				CLANG_WARN_OBJC_ROOT_CLASS = YES_ERROR;
				CLANG_WARN_RANGE_LOOP_ANALYSIS = YES;
				CLANG_WARN_STRICT_PROTOTYPES = YES;
				CLANG_WARN_SUSPICIOUS_MOVE = YES;
				CLANG_WARN_UNGUARDED_AVAILABILITY = YES_AGGRESSIVE;
				CLANG_WARN_UNREACHABLE_CODE = YES;
				CLANG_WARN__DUPLICATE_METHOD_MATCH = YES;
				COPY_PHASE_STRIP = NO;
				DEBUG_INFORMATION_FORMAT = "dwarf-with-dsym";
				ENABLE_NS_ASSERTIONS = NO;
				ENABLE_STRICT_OBJC_MSGSEND = YES;
				GCC_C_LANGUAGE_STANDARD = gnu11;
				GCC_NO_COMMON_BLOCKS = YES;
				GCC_WARN_64_TO_32_BIT_CONVERSION = YES;
				GCC_WARN_ABOUT_RETURN_TYPE = YES_ERROR;
				GCC_WARN_UNDECLARED_SELECTOR = YES;
				GCC_WARN_UNINITIALIZED_AUTOS = YES_AGGRESSIVE;
				GCC_WARN_UNUSED_FUNCTION = YES;
				GCC_WARN_UNUSED_VARIABLE = YES;
				IPHONEOS_DEPLOYMENT_TARGET = 13.4;
				MTL_ENABLE_DEBUG_INFO = NO;
				MTL_FAST_MATH = YES;
				SDKROOT = iphoneos;
				SWIFT_COMPILATION_MODE = wholemodule;
				SWIFT_OPTIMIZATION_LEVEL = "-O";
				VALIDATE_PRODUCT = YES;
			};
			name = Release;
		};
		DB48AA98244B4C750040DD40 /* Debug */ = {
			isa = XCBuildConfiguration;
			buildSettings = {
				ASSETCATALOG_COMPILER_APPICON_NAME = AppIcon;
				CODE_SIGN_STYLE = Automatic;
				DEVELOPMENT_ASSET_PATHS = "\"Udemy1-01/Preview Content\"";
				ENABLE_PREVIEWS = YES;
				INFOPLIST_FILE = "Udemy1-01/Info.plist";
				LD_RUNPATH_SEARCH_PATHS = (
					"$(inherited)",
					"@executable_path/Frameworks",
				);
				PRODUCT_BUNDLE_IDENTIFIER = "com.mauro.Udemy1-01";
				PRODUCT_NAME = "$(TARGET_NAME)";
				SWIFT_VERSION = 5.0;
				TARGETED_DEVICE_FAMILY = "1,2";
			};
			name = Debug;
		};
		DB48AA99244B4C750040DD40 /* Release */ = {
			isa = XCBuildConfiguration;
			buildSettings = {
				ASSETCATALOG_COMPILER_APPICON_NAME = AppIcon;
				CODE_SIGN_STYLE = Automatic;
				DEVELOPMENT_ASSET_PATHS = "\"Udemy1-01/Preview Content\"";
				ENABLE_PREVIEWS = YES;
				INFOPLIST_FILE = "Udemy1-01/Info.plist";
				LD_RUNPATH_SEARCH_PATHS = (
					"$(inherited)",
					"@executable_path/Frameworks",
				);
				PRODUCT_BUNDLE_IDENTIFIER = "com.mauro.Udemy1-01";
				PRODUCT_NAME = "$(TARGET_NAME)";
				SWIFT_VERSION = 5.0;
				TARGETED_DEVICE_FAMILY = "1,2";
			};
			name = Release;
		};
/* End XCBuildConfiguration section */

/* Begin XCConfigurationList section */
		DB48AA7E244B4C740040DD40 /* Build configuration list for PBXProject "Udemy1-01" */ = {
			isa = XCConfigurationList;
			buildConfigurations = (
				DB48AA95244B4C750040DD40 /* Debug */,
				DB48AA96244B4C750040DD40 /* Release */,
			);
			defaultConfigurationIsVisible = 0;
			defaultConfigurationName = Release;
		};
		DB48AA97244B4C750040DD40 /* Build configuration list for PBXNativeTarget "Udemy1-01" */ = {
			isa = XCConfigurationList;
			buildConfigurations = (
				DB48AA98244B4C750040DD40 /* Debug */,
				DB48AA99244B4C750040DD40 /* Release */,
			);
			defaultConfigurationIsVisible = 0;
			defaultConfigurationName = Release;
		};
/* End XCConfigurationList section */
	};
	rootObject = DB48AA7B244B4C740040DD40 /* Project object */;
}
